github.com/krasun/gosqlparser v1.0.2 h1:22eozANUNfv6ftSqFMU96MOImCzlHrMA2nFRJkbI0f0=
github.com/krasun/gosqlparser v1.0.2/go.mod h1:aXCTW1xnPl4qAaNROeqESauGJ8sqhoB4OFEIOVIDYI4=
github.com/krasun/gosqlparser v1.0.3 h1:L3lSvyCJWq3cItkRfLkQfxM+17ky3XypAFhFdZpBnyU=
github.com/krasun/gosqlparser v1.0.3/go.mod h1:aXCTW1xnPl4qAaNROeqESauGJ8sqhoB4OFEIOVIDYI4=
